// !$*UTF8*$!
{
	archiveVersion = 1;
	classes = {
	};
	objectVersion = 46;
	objects = {

/* Begin PBXBuildFile section */
		6A0ED7551977BAB4008BD0AE /* MSMailMan.m in Sources */ = {isa = PBXBuildFile; fileRef = 6A0ED7541977BAB4008BD0AE /* MSMailMan.m */; };
		6A46B5631973C1D8001CF9C6 /* Foundation.framework in Frameworks */ = {isa = PBXBuildFile; fileRef = 6A46B5621973C1D8001CF9C6 /* Foundation.framework */; };
		6A46B5651973C1D8001CF9C6 /* CoreGraphics.framework in Frameworks */ = {isa = PBXBuildFile; fileRef = 6A46B5641973C1D8001CF9C6 /* CoreGraphics.framework */; };
		6A46B5671973C1D8001CF9C6 /* UIKit.framework in Frameworks */ = {isa = PBXBuildFile; fileRef = 6A46B5661973C1D8001CF9C6 /* UIKit.framework */; };
		6A46B56D1973C1D8001CF9C6 /* InfoPlist.strings in Resources */ = {isa = PBXBuildFile; fileRef = 6A46B56B1973C1D8001CF9C6 /* InfoPlist.strings */; };
		6A46B56F1973C1D8001CF9C6 /* main.m in Sources */ = {isa = PBXBuildFile; fileRef = 6A46B56E1973C1D8001CF9C6 /* main.m */; };
		6A46B5731973C1D8001CF9C6 /* MSAppDelegate.m in Sources */ = {isa = PBXBuildFile; fileRef = 6A46B5721973C1D8001CF9C6 /* MSAppDelegate.m */; };
		6A46B5751973C1D8001CF9C6 /* Images.xcassets in Resources */ = {isa = PBXBuildFile; fileRef = 6A46B5741973C1D8001CF9C6 /* Images.xcassets */; };
		6A46B57C1973C1D8001CF9C6 /* XCTest.framework in Frameworks */ = {isa = PBXBuildFile; fileRef = 6A46B57B1973C1D8001CF9C6 /* XCTest.framework */; };
		6A46B57D1973C1D8001CF9C6 /* Foundation.framework in Frameworks */ = {isa = PBXBuildFile; fileRef = 6A46B5621973C1D8001CF9C6 /* Foundation.framework */; };
		6A46B57E1973C1D8001CF9C6 /* UIKit.framework in Frameworks */ = {isa = PBXBuildFile; fileRef = 6A46B5661973C1D8001CF9C6 /* UIKit.framework */; };
		6A46B5861973C1D8001CF9C6 /* InfoPlist.strings in Resources */ = {isa = PBXBuildFile; fileRef = 6A46B5841973C1D8001CF9C6 /* InfoPlist.strings */; };
		6A46B5961973C2D7001CF9C6 /* Model.xcdatamodeld in Sources */ = {isa = PBXBuildFile; fileRef = 6A46B5941973C2D7001CF9C6 /* Model.xcdatamodeld */; };
		6A46B5A61973D2EF001CF9C6 /* Main_iphone.storyboard in Resources */ = {isa = PBXBuildFile; fileRef = 6A46B5A51973D2EF001CF9C6 /* Main_iphone.storyboard */; };
		6A46B5A91973D395001CF9C6 /* MSPendingTableViewController.m in Sources */ = {isa = PBXBuildFile; fileRef = 6A46B5A81973D395001CF9C6 /* MSPendingTableViewController.m */; };
		6A46B5B21973E285001CF9C6 /* MSPendingLetterTableViewCell.m in Sources */ = {isa = PBXBuildFile; fileRef = 6A46B5B11973E285001CF9C6 /* MSPendingLetterTableViewCell.m */; };
		6A46B5B51973E2F4001CF9C6 /* Letter+myAPI.m in Sources */ = {isa = PBXBuildFile; fileRef = 6A46B5B41973E2F4001CF9C6 /* Letter+myAPI.m */; };
		6A46B5C11973E8FC001CF9C6 /* NSDate+CustomizableDate.m in Sources */ = {isa = PBXBuildFile; fileRef = 6A46B5C01973E8FC001CF9C6 /* NSDate+CustomizableDate.m */; };
		6A46B5C31973E97A001CF9C6 /* NSDateTests.m in Sources */ = {isa = PBXBuildFile; fileRef = 6A46B5C21973E97A001CF9C6 /* NSDateTests.m */; };
		6A46B5C51973F445001CF9C6 /* LetterTests.m in Sources */ = {isa = PBXBuildFile; fileRef = 6A46B5C41973F445001CF9C6 /* LetterTests.m */; };
		6A46B5C61973F59F001CF9C6 /* Model.xcdatamodeld in Sources */ = {isa = PBXBuildFile; fileRef = 6A46B5941973C2D7001CF9C6 /* Model.xcdatamodeld */; };
		6A46B5CF19741853001CF9C6 /* CoreDataTableViewController.m in Sources */ = {isa = PBXBuildFile; fileRef = 6A46B5CE19741853001CF9C6 /* CoreDataTableViewController.m */; };
		6AD71F071975353400D337AC /* MSOpenedTableViewCell.m in Sources */ = {isa = PBXBuildFile; fileRef = 6AD71F061975353400D337AC /* MSOpenedTableViewCell.m */; };
		6ADE72E8198061270032BFDE /* NSString+Styles.m in Sources */ = {isa = PBXBuildFile; fileRef = 6ADE72E7198061270032BFDE /* NSString+Styles.m */; };
		6ADE72EB19806B380032BFDE /* MSSeparatorReadLetterView.m in Sources */ = {isa = PBXBuildFile; fileRef = 6ADE72EA19806B380032BFDE /* MSSeparatorReadLetterView.m */; };
		6ADE72EE19810D880032BFDE /* UIView+Animations.m in Sources */ = {isa = PBXBuildFile; fileRef = 6ADE72ED19810D880032BFDE /* UIView+Animations.m */; };
		6ADE72F519813C5A0032BFDE /* MSEmptyTableViewController.xib in Resources */ = {isa = PBXBuildFile; fileRef = 6ADE72F319813C5A0032BFDE /* MSEmptyTableViewController.xib */; };
		6ADE72F9198153230032BFDE /* MSEmptyView.m in Sources */ = {isa = PBXBuildFile; fileRef = 6ADE72F8198153230032BFDE /* MSEmptyView.m */; };
		6AF142AB1A0395BC000ED304 /* MSInfoViewController.m in Sources */ = {isa = PBXBuildFile; fileRef = 6AF142A91A0395BC000ED304 /* MSInfoViewController.m */; };
		6AF142AC1A0395BC000ED304 /* MSInfoViewController.xib in Resources */ = {isa = PBXBuildFile; fileRef = 6AF142AA1A0395BC000ED304 /* MSInfoViewController.xib */; };
		6AF142BA1A03A86C000ED304 /* MSInfoTableViewManager.m in Sources */ = {isa = PBXBuildFile; fileRef = 6AF142B91A03A86C000ED304 /* MSInfoTableViewManager.m */; };
		6AF35367197905BB009CEAF0 /* MSCreateLetterViewController.m in Sources */ = {isa = PBXBuildFile; fileRef = 6AF35366197905BB009CEAF0 /* MSCreateLetterViewController.m */; };
		6AF3536B1979312D009CEAF0 /* Letter.m in Sources */ = {isa = PBXBuildFile; fileRef = 6AF3536A1979312D009CEAF0 /* Letter.m */; };
		6AF3536F197931B6009CEAF0 /* MSLetterValidator.m in Sources */ = {isa = PBXBuildFile; fileRef = 6AF3536E197931B6009CEAF0 /* MSLetterValidator.m */; };
		6AF35373197955F5009CEAF0 /* MSLetterValidatorTests.m in Sources */ = {isa = PBXBuildFile; fileRef = 6AF35372197955F5009CEAF0 /* MSLetterValidatorTests.m */; };
		6AF35376197961F2009CEAF0 /* MSReadLetterViewController.m in Sources */ = {isa = PBXBuildFile; fileRef = 6AF35375197961F2009CEAF0 /* MSReadLetterViewController.m */; };
		6AF353C2197974A5009CEAF0 /* MSReadyToOpenTableViewCell.m in Sources */ = {isa = PBXBuildFile; fileRef = 6AF353C1197974A5009CEAF0 /* MSReadyToOpenTableViewCell.m */; };
		6AF353CD197A868F009CEAF0 /* MSPendingLetterDrawer.m in Sources */ = {isa = PBXBuildFile; fileRef = 6AF353CC197A868F009CEAF0 /* MSPendingLetterDrawer.m */; };
		6AF353D0197A86A5009CEAF0 /* MSReadyToOpenLetterDrawer.m in Sources */ = {isa = PBXBuildFile; fileRef = 6AF353CF197A86A5009CEAF0 /* MSReadyToOpenLetterDrawer.m */; };
		6AF353D3197A86BE009CEAF0 /* MSOpenedLetterDrawer.m in Sources */ = {isa = PBXBuildFile; fileRef = 6AF353D2197A86BE009CEAF0 /* MSOpenedLetterDrawer.m */; };
		6AF353D6197A89BF009CEAF0 /* Letter+DrawerItem.m in Sources */ = {isa = PBXBuildFile; fileRef = 6AF353D5197A89BF009CEAF0 /* Letter+DrawerItem.m */; };
		6AF353DD197A8C36009CEAF0 /* NSNumber+MSStatusLetter.m in Sources */ = {isa = PBXBuildFile; fileRef = 6AF353DC197A8C36009CEAF0 /* NSNumber+MSStatusLetter.m */; };
		6AF353E2197ACD7C009CEAF0 /* MSCustomPickerView.m in Sources */ = {isa = PBXBuildFile; fileRef = 6AF353E1197ACD7C009CEAF0 /* MSCustomPickerView.m */; };
		6AFFDF8E1975133B008C1F19 /* MSOpenedLettersTableViewController.m in Sources */ = {isa = PBXBuildFile; fileRef = 6AFFDF8D1975133B008C1F19 /* MSOpenedLettersTableViewController.m */; };
/* End PBXBuildFile section */

/* Begin PBXContainerItemProxy section */
		6A46B57F1973C1D8001CF9C6 /* PBXContainerItemProxy */ = {
			isa = PBXContainerItemProxy;
			containerPortal = 6A46B5571973C1D8001CF9C6 /* Project object */;
			proxyType = 1;
			remoteGlobalIDString = 6A46B55E1973C1D8001CF9C6;
			remoteInfo = CartasAlFuturo;
		};
/* End PBXContainerItemProxy section */

/* Begin PBXFileReference section */
		6A0ED7531977BAB4008BD0AE /* MSMailMan.h */ = {isa = PBXFileReference; fileEncoding = 4; lastKnownFileType = sourcecode.c.h; path = MSMailMan.h; sourceTree = "<group>"; };
		6A0ED7541977BAB4008BD0AE /* MSMailMan.m */ = {isa = PBXFileReference; fileEncoding = 4; lastKnownFileType = sourcecode.c.objc; path = MSMailMan.m; sourceTree = "<group>"; };
		6A46B55F1973C1D8001CF9C6 /* CartasAlFuturo.app */ = {isa = PBXFileReference; explicitFileType = wrapper.application; includeInIndex = 0; path = CartasAlFuturo.app; sourceTree = BUILT_PRODUCTS_DIR; };
		6A46B5621973C1D8001CF9C6 /* Foundation.framework */ = {isa = PBXFileReference; lastKnownFileType = wrapper.framework; name = Foundation.framework; path = System/Library/Frameworks/Foundation.framework; sourceTree = SDKROOT; };
		6A46B5641973C1D8001CF9C6 /* CoreGraphics.framework */ = {isa = PBXFileReference; lastKnownFileType = wrapper.framework; name = CoreGraphics.framework; path = System/Library/Frameworks/CoreGraphics.framework; sourceTree = SDKROOT; };
		6A46B5661973C1D8001CF9C6 /* UIKit.framework */ = {isa = PBXFileReference; lastKnownFileType = wrapper.framework; name = UIKit.framework; path = System/Library/Frameworks/UIKit.framework; sourceTree = SDKROOT; };
		6A46B56A1973C1D8001CF9C6 /* CartasAlFuturo-Info.plist */ = {isa = PBXFileReference; lastKnownFileType = text.plist.xml; path = "CartasAlFuturo-Info.plist"; sourceTree = "<group>"; };
		6A46B56C1973C1D8001CF9C6 /* en */ = {isa = PBXFileReference; lastKnownFileType = text.plist.strings; name = en; path = en.lproj/InfoPlist.strings; sourceTree = "<group>"; };
		6A46B56E1973C1D8001CF9C6 /* main.m */ = {isa = PBXFileReference; lastKnownFileType = sourcecode.c.objc; path = main.m; sourceTree = "<group>"; };
		6A46B5701973C1D8001CF9C6 /* CartasAlFuturo-Prefix.pch */ = {isa = PBXFileReference; lastKnownFileType = sourcecode.c.h; path = "CartasAlFuturo-Prefix.pch"; sourceTree = "<group>"; };
		6A46B5711973C1D8001CF9C6 /* MSAppDelegate.h */ = {isa = PBXFileReference; lastKnownFileType = sourcecode.c.h; path = MSAppDelegate.h; sourceTree = "<group>"; };
		6A46B5721973C1D8001CF9C6 /* MSAppDelegate.m */ = {isa = PBXFileReference; lastKnownFileType = sourcecode.c.objc; path = MSAppDelegate.m; sourceTree = "<group>"; };
		6A46B5741973C1D8001CF9C6 /* Images.xcassets */ = {isa = PBXFileReference; lastKnownFileType = folder.assetcatalog; path = Images.xcassets; sourceTree = "<group>"; };
		6A46B57A1973C1D8001CF9C6 /* CartasAlFuturoTests.xctest */ = {isa = PBXFileReference; explicitFileType = wrapper.cfbundle; includeInIndex = 0; path = CartasAlFuturoTests.xctest; sourceTree = BUILT_PRODUCTS_DIR; };
		6A46B57B1973C1D8001CF9C6 /* XCTest.framework */ = {isa = PBXFileReference; lastKnownFileType = wrapper.framework; name = XCTest.framework; path = Library/Frameworks/XCTest.framework; sourceTree = DEVELOPER_DIR; };
		6A46B5831973C1D8001CF9C6 /* CartasAlFuturoTests-Info.plist */ = {isa = PBXFileReference; lastKnownFileType = text.plist.xml; path = "CartasAlFuturoTests-Info.plist"; sourceTree = "<group>"; };
		6A46B5851973C1D8001CF9C6 /* en */ = {isa = PBXFileReference; lastKnownFileType = text.plist.strings; name = en; path = en.lproj/InfoPlist.strings; sourceTree = "<group>"; };
		6A46B5951973C2D7001CF9C6 /* Model.xcdatamodel */ = {isa = PBXFileReference; lastKnownFileType = wrapper.xcdatamodel; path = Model.xcdatamodel; sourceTree = "<group>"; };
		6A46B5A51973D2EF001CF9C6 /* Main_iphone.storyboard */ = {isa = PBXFileReference; fileEncoding = 4; lastKnownFileType = file.storyboard; path = Main_iphone.storyboard; sourceTree = "<group>"; };
		6A46B5A71973D395001CF9C6 /* MSPendingTableViewController.h */ = {isa = PBXFileReference; fileEncoding = 4; lastKnownFileType = sourcecode.c.h; path = MSPendingTableViewController.h; sourceTree = "<group>"; };
		6A46B5A81973D395001CF9C6 /* MSPendingTableViewController.m */ = {isa = PBXFileReference; fileEncoding = 4; lastKnownFileType = sourcecode.c.objc; path = MSPendingTableViewController.m; sourceTree = "<group>"; };
		6A46B5B01973E285001CF9C6 /* MSPendingLetterTableViewCell.h */ = {isa = PBXFileReference; fileEncoding = 4; lastKnownFileType = sourcecode.c.h; path = MSPendingLetterTableViewCell.h; sourceTree = "<group>"; };
		6A46B5B11973E285001CF9C6 /* MSPendingLetterTableViewCell.m */ = {isa = PBXFileReference; fileEncoding = 4; lastKnownFileType = sourcecode.c.objc; path = MSPendingLetterTableViewCell.m; sourceTree = "<group>"; };
		6A46B5B31973E2F4001CF9C6 /* Letter+myAPI.h */ = {isa = PBXFileReference; fileEncoding = 4; lastKnownFileType = sourcecode.c.h; path = "Letter+myAPI.h"; sourceTree = "<group>"; };
		6A46B5B41973E2F4001CF9C6 /* Letter+myAPI.m */ = {isa = PBXFileReference; fileEncoding = 4; lastKnownFileType = sourcecode.c.objc; path = "Letter+myAPI.m"; sourceTree = "<group>"; };
		6A46B5BF1973E8FC001CF9C6 /* NSDate+CustomizableDate.h */ = {isa = PBXFileReference; fileEncoding = 4; lastKnownFileType = sourcecode.c.h; path = "NSDate+CustomizableDate.h"; sourceTree = "<group>"; };
		6A46B5C01973E8FC001CF9C6 /* NSDate+CustomizableDate.m */ = {isa = PBXFileReference; fileEncoding = 4; lastKnownFileType = sourcecode.c.objc; path = "NSDate+CustomizableDate.m"; sourceTree = "<group>"; };
		6A46B5C21973E97A001CF9C6 /* NSDateTests.m */ = {isa = PBXFileReference; fileEncoding = 4; lastKnownFileType = sourcecode.c.objc; path = NSDateTests.m; sourceTree = "<group>"; };
		6A46B5C41973F445001CF9C6 /* LetterTests.m */ = {isa = PBXFileReference; fileEncoding = 4; lastKnownFileType = sourcecode.c.objc; path = LetterTests.m; sourceTree = "<group>"; };
		6A46B5CD19741853001CF9C6 /* CoreDataTableViewController.h */ = {isa = PBXFileReference; fileEncoding = 4; lastKnownFileType = sourcecode.c.h; path = CoreDataTableViewController.h; sourceTree = "<group>"; };
		6A46B5CE19741853001CF9C6 /* CoreDataTableViewController.m */ = {isa = PBXFileReference; fileEncoding = 4; lastKnownFileType = sourcecode.c.objc; path = CoreDataTableViewController.m; sourceTree = "<group>"; };
		6AD71F051975353400D337AC /* MSOpenedTableViewCell.h */ = {isa = PBXFileReference; fileEncoding = 4; lastKnownFileType = sourcecode.c.h; path = MSOpenedTableViewCell.h; sourceTree = "<group>"; };
		6AD71F061975353400D337AC /* MSOpenedTableViewCell.m */ = {isa = PBXFileReference; fileEncoding = 4; lastKnownFileType = sourcecode.c.objc; path = MSOpenedTableViewCell.m; sourceTree = "<group>"; };
		6ADE72E6198061270032BFDE /* NSString+Styles.h */ = {isa = PBXFileReference; fileEncoding = 4; lastKnownFileType = sourcecode.c.h; path = "NSString+Styles.h"; sourceTree = "<group>"; };
		6ADE72E7198061270032BFDE /* NSString+Styles.m */ = {isa = PBXFileReference; fileEncoding = 4; lastKnownFileType = sourcecode.c.objc; path = "NSString+Styles.m"; sourceTree = "<group>"; };
		6ADE72E919806B380032BFDE /* MSSeparatorReadLetterView.h */ = {isa = PBXFileReference; fileEncoding = 4; lastKnownFileType = sourcecode.c.h; path = MSSeparatorReadLetterView.h; sourceTree = "<group>"; };
		6ADE72EA19806B380032BFDE /* MSSeparatorReadLetterView.m */ = {isa = PBXFileReference; fileEncoding = 4; lastKnownFileType = sourcecode.c.objc; path = MSSeparatorReadLetterView.m; sourceTree = "<group>"; };
		6ADE72EC19810D880032BFDE /* UIView+Animations.h */ = {isa = PBXFileReference; fileEncoding = 4; lastKnownFileType = sourcecode.c.h; path = "UIView+Animations.h"; sourceTree = "<group>"; };
		6ADE72ED19810D880032BFDE /* UIView+Animations.m */ = {isa = PBXFileReference; fileEncoding = 4; lastKnownFileType = sourcecode.c.objc; path = "UIView+Animations.m"; sourceTree = "<group>"; };
		6ADE72F319813C5A0032BFDE /* MSEmptyTableViewController.xib */ = {isa = PBXFileReference; fileEncoding = 4; lastKnownFileType = file.xib; path = MSEmptyTableViewController.xib; sourceTree = "<group>"; };
		6ADE72F7198153230032BFDE /* MSEmptyView.h */ = {isa = PBXFileReference; fileEncoding = 4; lastKnownFileType = sourcecode.c.h; path = MSEmptyView.h; sourceTree = "<group>"; };
		6ADE72F8198153230032BFDE /* MSEmptyView.m */ = {isa = PBXFileReference; fileEncoding = 4; lastKnownFileType = sourcecode.c.objc; path = MSEmptyView.m; sourceTree = "<group>"; };
		6ADE72FA198182EC0032BFDE /* DesignResources.h */ = {isa = PBXFileReference; lastKnownFileType = sourcecode.c.h; path = DesignResources.h; sourceTree = "<group>"; };
		6AF142A81A0395BC000ED304 /* MSInfoViewController.h */ = {isa = PBXFileReference; fileEncoding = 4; lastKnownFileType = sourcecode.c.h; path = MSInfoViewController.h; sourceTree = "<group>"; };
		6AF142A91A0395BC000ED304 /* MSInfoViewController.m */ = {isa = PBXFileReference; fileEncoding = 4; lastKnownFileType = sourcecode.c.objc; path = MSInfoViewController.m; sourceTree = "<group>"; };
		6AF142AA1A0395BC000ED304 /* MSInfoViewController.xib */ = {isa = PBXFileReference; fileEncoding = 4; lastKnownFileType = file.xib; path = MSInfoViewController.xib; sourceTree = "<group>"; };
		6AF142B81A03A86C000ED304 /* MSInfoTableViewManager.h */ = {isa = PBXFileReference; fileEncoding = 4; lastKnownFileType = sourcecode.c.h; path = MSInfoTableViewManager.h; sourceTree = "<group>"; };
		6AF142B91A03A86C000ED304 /* MSInfoTableViewManager.m */ = {isa = PBXFileReference; fileEncoding = 4; lastKnownFileType = sourcecode.c.objc; path = MSInfoTableViewManager.m; sourceTree = "<group>"; };
		6AF35365197905BB009CEAF0 /* MSCreateLetterViewController.h */ = {isa = PBXFileReference; fileEncoding = 4; lastKnownFileType = sourcecode.c.h; path = MSCreateLetterViewController.h; sourceTree = "<group>"; };
		6AF35366197905BB009CEAF0 /* MSCreateLetterViewController.m */ = {isa = PBXFileReference; fileEncoding = 4; lastKnownFileType = sourcecode.c.objc; path = MSCreateLetterViewController.m; sourceTree = "<group>"; };
		6AF353691979312D009CEAF0 /* Letter.h */ = {isa = PBXFileReference; fileEncoding = 4; lastKnownFileType = sourcecode.c.h; path = Letter.h; sourceTree = "<group>"; };
		6AF3536A1979312D009CEAF0 /* Letter.m */ = {isa = PBXFileReference; fileEncoding = 4; lastKnownFileType = sourcecode.c.objc; path = Letter.m; sourceTree = "<group>"; };
		6AF3536D197931B6009CEAF0 /* MSLetterValidator.h */ = {isa = PBXFileReference; fileEncoding = 4; lastKnownFileType = sourcecode.c.h; path = MSLetterValidator.h; sourceTree = "<group>"; };
		6AF3536E197931B6009CEAF0 /* MSLetterValidator.m */ = {isa = PBXFileReference; fileEncoding = 4; lastKnownFileType = sourcecode.c.objc; path = MSLetterValidator.m; sourceTree = "<group>"; };
		6AF35372197955F5009CEAF0 /* MSLetterValidatorTests.m */ = {isa = PBXFileReference; fileEncoding = 4; lastKnownFileType = sourcecode.c.objc; path = MSLetterValidatorTests.m; sourceTree = "<group>"; };
		6AF35374197961F2009CEAF0 /* MSReadLetterViewController.h */ = {isa = PBXFileReference; fileEncoding = 4; lastKnownFileType = sourcecode.c.h; path = MSReadLetterViewController.h; sourceTree = "<group>"; };
		6AF35375197961F2009CEAF0 /* MSReadLetterViewController.m */ = {isa = PBXFileReference; fileEncoding = 4; lastKnownFileType = sourcecode.c.objc; path = MSReadLetterViewController.m; sourceTree = "<group>"; };
		6AF353C0197974A5009CEAF0 /* MSReadyToOpenTableViewCell.h */ = {isa = PBXFileReference; fileEncoding = 4; lastKnownFileType = sourcecode.c.h; path = MSReadyToOpenTableViewCell.h; sourceTree = "<group>"; };
		6AF353C1197974A5009CEAF0 /* MSReadyToOpenTableViewCell.m */ = {isa = PBXFileReference; fileEncoding = 4; lastKnownFileType = sourcecode.c.objc; path = MSReadyToOpenTableViewCell.m; sourceTree = "<group>"; };
		6AF353C7197A8547009CEAF0 /* MSCellDrawerProtocol.h */ = {isa = PBXFileReference; lastKnownFileType = sourcecode.c.h; path = MSCellDrawerProtocol.h; sourceTree = "<group>"; };
		6AF353C9197A8610009CEAF0 /* MSLetterItemProtocol.h */ = {isa = PBXFileReference; lastKnownFileType = sourcecode.c.h; path = MSLetterItemProtocol.h; sourceTree = "<group>"; };
		6AF353CB197A868F009CEAF0 /* MSPendingLetterDrawer.h */ = {isa = PBXFileReference; fileEncoding = 4; lastKnownFileType = sourcecode.c.h; path = MSPendingLetterDrawer.h; sourceTree = "<group>"; };
		6AF353CC197A868F009CEAF0 /* MSPendingLetterDrawer.m */ = {isa = PBXFileReference; fileEncoding = 4; lastKnownFileType = sourcecode.c.objc; path = MSPendingLetterDrawer.m; sourceTree = "<group>"; };
		6AF353CE197A86A5009CEAF0 /* MSReadyToOpenLetterDrawer.h */ = {isa = PBXFileReference; fileEncoding = 4; lastKnownFileType = sourcecode.c.h; path = MSReadyToOpenLetterDrawer.h; sourceTree = "<group>"; };
		6AF353CF197A86A5009CEAF0 /* MSReadyToOpenLetterDrawer.m */ = {isa = PBXFileReference; fileEncoding = 4; lastKnownFileType = sourcecode.c.objc; path = MSReadyToOpenLetterDrawer.m; sourceTree = "<group>"; };
		6AF353D1197A86BE009CEAF0 /* MSOpenedLetterDrawer.h */ = {isa = PBXFileReference; fileEncoding = 4; lastKnownFileType = sourcecode.c.h; path = MSOpenedLetterDrawer.h; sourceTree = "<group>"; };
		6AF353D2197A86BE009CEAF0 /* MSOpenedLetterDrawer.m */ = {isa = PBXFileReference; fileEncoding = 4; lastKnownFileType = sourcecode.c.objc; path = MSOpenedLetterDrawer.m; sourceTree = "<group>"; };
		6AF353D4197A89BF009CEAF0 /* Letter+DrawerItem.h */ = {isa = PBXFileReference; fileEncoding = 4; lastKnownFileType = sourcecode.c.h; path = "Letter+DrawerItem.h"; sourceTree = "<group>"; };
		6AF353D5197A89BF009CEAF0 /* Letter+DrawerItem.m */ = {isa = PBXFileReference; fileEncoding = 4; lastKnownFileType = sourcecode.c.objc; path = "Letter+DrawerItem.m"; sourceTree = "<group>"; };
		6AF353DA197A8B72009CEAF0 /* LetterStatusEnum.h */ = {isa = PBXFileReference; lastKnownFileType = sourcecode.c.h; path = LetterStatusEnum.h; sourceTree = "<group>"; };
		6AF353DB197A8C36009CEAF0 /* NSNumber+MSStatusLetter.h */ = {isa = PBXFileReference; fileEncoding = 4; lastKnownFileType = sourcecode.c.h; path = "NSNumber+MSStatusLetter.h"; sourceTree = "<group>"; };
		6AF353DC197A8C36009CEAF0 /* NSNumber+MSStatusLetter.m */ = {isa = PBXFileReference; fileEncoding = 4; lastKnownFileType = sourcecode.c.objc; path = "NSNumber+MSStatusLetter.m"; sourceTree = "<group>"; };
		6AF353E0197ACD7C009CEAF0 /* MSCustomPickerView.h */ = {isa = PBXFileReference; fileEncoding = 4; lastKnownFileType = sourcecode.c.h; path = MSCustomPickerView.h; sourceTree = "<group>"; };
		6AF353E1197ACD7C009CEAF0 /* MSCustomPickerView.m */ = {isa = PBXFileReference; fileEncoding = 4; lastKnownFileType = sourcecode.c.objc; path = MSCustomPickerView.m; sourceTree = "<group>"; };
		6AFFDF8C1975133B008C1F19 /* MSOpenedLettersTableViewController.h */ = {isa = PBXFileReference; fileEncoding = 4; lastKnownFileType = sourcecode.c.h; path = MSOpenedLettersTableViewController.h; sourceTree = "<group>"; };
		6AFFDF8D1975133B008C1F19 /* MSOpenedLettersTableViewController.m */ = {isa = PBXFileReference; fileEncoding = 4; lastKnownFileType = sourcecode.c.objc; path = MSOpenedLettersTableViewController.m; sourceTree = "<group>"; };
/* End PBXFileReference section */

/* Begin PBXFrameworksBuildPhase section */
		6A46B55C1973C1D8001CF9C6 /* Frameworks */ = {
			isa = PBXFrameworksBuildPhase;
			buildActionMask = 2147483647;
			files = (
				6A46B5651973C1D8001CF9C6 /* CoreGraphics.framework in Frameworks */,
				6A46B5671973C1D8001CF9C6 /* UIKit.framework in Frameworks */,
				6A46B5631973C1D8001CF9C6 /* Foundation.framework in Frameworks */,
			);
			runOnlyForDeploymentPostprocessing = 0;
		};
		6A46B5771973C1D8001CF9C6 /* Frameworks */ = {
			isa = PBXFrameworksBuildPhase;
			buildActionMask = 2147483647;
			files = (
				6A46B57C1973C1D8001CF9C6 /* XCTest.framework in Frameworks */,
				6A46B57E1973C1D8001CF9C6 /* UIKit.framework in Frameworks */,
				6A46B57D1973C1D8001CF9C6 /* Foundation.framework in Frameworks */,
			);
			runOnlyForDeploymentPostprocessing = 0;
		};
/* End PBXFrameworksBuildPhase section */

/* Begin PBXGroup section */
		6A0ED7521977BA26008BD0AE /* Logic */ = {
			isa = PBXGroup;
			children = (
				6A0ED7531977BAB4008BD0AE /* MSMailMan.h */,
				6A0ED7541977BAB4008BD0AE /* MSMailMan.m */,
				6AF3536D197931B6009CEAF0 /* MSLetterValidator.h */,
				6AF3536E197931B6009CEAF0 /* MSLetterValidator.m */,
			);
			name = Logic;
			sourceTree = "<group>";
		};
		6A46B5561973C1D8001CF9C6 = {
			isa = PBXGroup;
			children = (
				6A46B5681973C1D8001CF9C6 /* CartasAlFuturo */,
				6A46B5811973C1D8001CF9C6 /* CartasAlFuturoTests */,
				6A46B5611973C1D8001CF9C6 /* Frameworks */,
				6A46B5601973C1D8001CF9C6 /* Products */,
			);
			sourceTree = "<group>";
		};
		6A46B5601973C1D8001CF9C6 /* Products */ = {
			isa = PBXGroup;
			children = (
				6A46B55F1973C1D8001CF9C6 /* CartasAlFuturo.app */,
				6A46B57A1973C1D8001CF9C6 /* CartasAlFuturoTests.xctest */,
			);
			name = Products;
			sourceTree = "<group>";
		};
		6A46B5611973C1D8001CF9C6 /* Frameworks */ = {
			isa = PBXGroup;
			children = (
				6A46B5621973C1D8001CF9C6 /* Foundation.framework */,
				6A46B5641973C1D8001CF9C6 /* CoreGraphics.framework */,
				6A46B5661973C1D8001CF9C6 /* UIKit.framework */,
				6A46B57B1973C1D8001CF9C6 /* XCTest.framework */,
			);
			name = Frameworks;
			sourceTree = "<group>";
		};
		6A46B5681973C1D8001CF9C6 /* CartasAlFuturo */ = {
			isa = PBXGroup;
			children = (
				6A46B5711973C1D8001CF9C6 /* MSAppDelegate.h */,
				6A46B5721973C1D8001CF9C6 /* MSAppDelegate.m */,
				6ADE72FB198182F80032BFDE /* Headers */,
				6AF353C8197A8551009CEAF0 /* Protocols */,
				6A46B5BE1973E893001CF9C6 /* Categories */,
				6A46B59A1973C517001CF9C6 /* Model */,
				6A46B59B1973C51D001CF9C6 /* View */,
				6A46B59C1973C521001CF9C6 /* Controller */,
				6A46B5741973C1D8001CF9C6 /* Images.xcassets */,
				6A46B5691973C1D8001CF9C6 /* Supporting Files */,
			);
			path = CartasAlFuturo;
			sourceTree = "<group>";
		};
		6A46B5691973C1D8001CF9C6 /* Supporting Files */ = {
			isa = PBXGroup;
			children = (
				6A46B56A1973C1D8001CF9C6 /* CartasAlFuturo-Info.plist */,
				6A46B56B1973C1D8001CF9C6 /* InfoPlist.strings */,
				6A46B56E1973C1D8001CF9C6 /* main.m */,
				6A46B5701973C1D8001CF9C6 /* CartasAlFuturo-Prefix.pch */,
			);
			name = "Supporting Files";
			sourceTree = "<group>";
		};
		6A46B5811973C1D8001CF9C6 /* CartasAlFuturoTests */ = {
			isa = PBXGroup;
			children = (
				6AF35372197955F5009CEAF0 /* MSLetterValidatorTests.m */,
				6A46B5C41973F445001CF9C6 /* LetterTests.m */,
				6A46B5C21973E97A001CF9C6 /* NSDateTests.m */,
				6A46B5821973C1D8001CF9C6 /* Supporting Files */,
			);
			path = CartasAlFuturoTests;
			sourceTree = "<group>";
		};
		6A46B5821973C1D8001CF9C6 /* Supporting Files */ = {
			isa = PBXGroup;
			children = (
				6A46B5831973C1D8001CF9C6 /* CartasAlFuturoTests-Info.plist */,
				6A46B5841973C1D8001CF9C6 /* InfoPlist.strings */,
			);
			name = "Supporting Files";
			sourceTree = "<group>";
		};
		6A46B59A1973C517001CF9C6 /* Model */ = {
			isa = PBXGroup;
			children = (
				6A46B5941973C2D7001CF9C6 /* Model.xcdatamodeld */,
				6A0ED7521977BA26008BD0AE /* Logic */,
				6A46B59D1973C52E001CF9C6 /* Entities */,
			);
			name = Model;
			sourceTree = "<group>";
		};
		6A46B59B1973C51D001CF9C6 /* View */ = {
			isa = PBXGroup;
			children = (
				6A46B5A51973D2EF001CF9C6 /* Main_iphone.storyboard */,
				6ADE72F619813C6E0032BFDE /* CustomControllers */,
				6ADE72F319813C5A0032BFDE /* MSEmptyTableViewController.xib */,
				6ADE72F7198153230032BFDE /* MSEmptyView.h */,
				6ADE72F8198153230032BFDE /* MSEmptyView.m */,
				6AF353C31979796F009CEAF0 /* Cells */,
			);
			name = View;
			sourceTree = "<group>";
		};
		6A46B59C1973C521001CF9C6 /* Controller */ = {
			isa = PBXGroup;
			children = (
				6AF142A71A03953C000ED304 /* MSInfoViewController */,
				6AF35374197961F2009CEAF0 /* MSReadLetterViewController.h */,
				6AF35375197961F2009CEAF0 /* MSReadLetterViewController.m */,
				6AF353E0197ACD7C009CEAF0 /* MSCustomPickerView.h */,
				6AF353E1197ACD7C009CEAF0 /* MSCustomPickerView.m */,
				6AF353681979181D009CEAF0 /* Creation controllers */,
				6AF353641979058E009CEAF0 /* Main controllers */,
			);
			name = Controller;
			sourceTree = "<group>";
		};
		6A46B59D1973C52E001CF9C6 /* Entities */ = {
			isa = PBXGroup;
			children = (
				6AF353691979312D009CEAF0 /* Letter.h */,
				6AF3536A1979312D009CEAF0 /* Letter.m */,
				6A46B5B31973E2F4001CF9C6 /* Letter+myAPI.h */,
				6A46B5B41973E2F4001CF9C6 /* Letter+myAPI.m */,
				6AF353D4197A89BF009CEAF0 /* Letter+DrawerItem.h */,
				6AF353D5197A89BF009CEAF0 /* Letter+DrawerItem.m */,
			);
			name = Entities;
			sourceTree = "<group>";
		};
		6A46B5BE1973E893001CF9C6 /* Categories */ = {
			isa = PBXGroup;
			children = (
				6A46B5BF1973E8FC001CF9C6 /* NSDate+CustomizableDate.h */,
				6A46B5C01973E8FC001CF9C6 /* NSDate+CustomizableDate.m */,
				6AF353DB197A8C36009CEAF0 /* NSNumber+MSStatusLetter.h */,
				6AF353DC197A8C36009CEAF0 /* NSNumber+MSStatusLetter.m */,
				6ADE72E6198061270032BFDE /* NSString+Styles.h */,
				6ADE72E7198061270032BFDE /* NSString+Styles.m */,
				6ADE72EC19810D880032BFDE /* UIView+Animations.h */,
				6ADE72ED19810D880032BFDE /* UIView+Animations.m */,
			);
			name = Categories;
			sourceTree = "<group>";
		};
		6ADE72F619813C6E0032BFDE /* CustomControllers */ = {
			isa = PBXGroup;
			children = (
				6ADE72E919806B380032BFDE /* MSSeparatorReadLetterView.h */,
				6ADE72EA19806B380032BFDE /* MSSeparatorReadLetterView.m */,
			);
			name = CustomControllers;
			sourceTree = "<group>";
		};
		6ADE72FB198182F80032BFDE /* Headers */ = {
			isa = PBXGroup;
			children = (
				6ADE72FA198182EC0032BFDE /* DesignResources.h */,
				6AF353DA197A8B72009CEAF0 /* LetterStatusEnum.h */,
			);
			name = Headers;
			sourceTree = "<group>";
		};
		6AF142A71A03953C000ED304 /* MSInfoViewController */ = {
			isa = PBXGroup;
			children = (
				6AF142A81A0395BC000ED304 /* MSInfoViewController.h */,
				6AF142A91A0395BC000ED304 /* MSInfoViewController.m */,
				6AF142AA1A0395BC000ED304 /* MSInfoViewController.xib */,
				6AF142B81A03A86C000ED304 /* MSInfoTableViewManager.h */,
				6AF142B91A03A86C000ED304 /* MSInfoTableViewManager.m */,
			);
			name = MSInfoViewController;
			sourceTree = "<group>";
		};
		6AF353641979058E009CEAF0 /* Main controllers */ = {
			isa = PBXGroup;
			children = (
				6A46B5CD19741853001CF9C6 /* CoreDataTableViewController.h */,
				6A46B5CE19741853001CF9C6 /* CoreDataTableViewController.m */,
				6A46B5A71973D395001CF9C6 /* MSPendingTableViewController.h */,
				6A46B5A81973D395001CF9C6 /* MSPendingTableViewController.m */,
				6AFFDF8C1975133B008C1F19 /* MSOpenedLettersTableViewController.h */,
				6AFFDF8D1975133B008C1F19 /* MSOpenedLettersTableViewController.m */,
			);
			name = "Main controllers";
			sourceTree = "<group>";
		};
		6AF353681979181D009CEAF0 /* Creation controllers */ = {
			isa = PBXGroup;
			children = (
				6AF35365197905BB009CEAF0 /* MSCreateLetterViewController.h */,
				6AF35366197905BB009CEAF0 /* MSCreateLetterViewController.m */,
			);
			name = "Creation controllers";
			sourceTree = "<group>";
		};
		6AF353C31979796F009CEAF0 /* Cells */ = {
			isa = PBXGroup;
			children = (
				6AF353CA197A8679009CEAF0 /* Drawers */,
				6AD71F051975353400D337AC /* MSOpenedTableViewCell.h */,
				6AD71F061975353400D337AC /* MSOpenedTableViewCell.m */,
				6A46B5B01973E285001CF9C6 /* MSPendingLetterTableViewCell.h */,
				6A46B5B11973E285001CF9C6 /* MSPendingLetterTableViewCell.m */,
				6AF353C0197974A5009CEAF0 /* MSReadyToOpenTableViewCell.h */,
				6AF353C1197974A5009CEAF0 /* MSReadyToOpenTableViewCell.m */,
			);
			name = Cells;
			sourceTree = "<group>";
		};
		6AF353C8197A8551009CEAF0 /* Protocols */ = {
			isa = PBXGroup;
			children = (
				6AF353C7197A8547009CEAF0 /* MSCellDrawerProtocol.h */,
				6AF353C9197A8610009CEAF0 /* MSLetterItemProtocol.h */,
			);
			name = Protocols;
			sourceTree = "<group>";
		};
		6AF353CA197A8679009CEAF0 /* Drawers */ = {
			isa = PBXGroup;
			children = (
				6AF353CB197A868F009CEAF0 /* MSPendingLetterDrawer.h */,
				6AF353CC197A868F009CEAF0 /* MSPendingLetterDrawer.m */,
				6AF353CE197A86A5009CEAF0 /* MSReadyToOpenLetterDrawer.h */,
				6AF353CF197A86A5009CEAF0 /* MSReadyToOpenLetterDrawer.m */,
				6AF353D1197A86BE009CEAF0 /* MSOpenedLetterDrawer.h */,
				6AF353D2197A86BE009CEAF0 /* MSOpenedLetterDrawer.m */,
			);
			name = Drawers;
			sourceTree = "<group>";
		};
/* End PBXGroup section */

/* Begin PBXNativeTarget section */
		6A46B55E1973C1D8001CF9C6 /* CartasAlFuturo */ = {
			isa = PBXNativeTarget;
			buildConfigurationList = 6A46B58B1973C1D8001CF9C6 /* Build configuration list for PBXNativeTarget "CartasAlFuturo" */;
			buildPhases = (
				6A46B55B1973C1D8001CF9C6 /* Sources */,
				6A46B55C1973C1D8001CF9C6 /* Frameworks */,
				6A46B55D1973C1D8001CF9C6 /* Resources */,
			);
			buildRules = (
			);
			dependencies = (
			);
			name = CartasAlFuturo;
			productName = CartasAlFuturo;
			productReference = 6A46B55F1973C1D8001CF9C6 /* CartasAlFuturo.app */;
			productType = "com.apple.product-type.application";
		};
		6A46B5791973C1D8001CF9C6 /* CartasAlFuturoTests */ = {
			isa = PBXNativeTarget;
			buildConfigurationList = 6A46B58E1973C1D8001CF9C6 /* Build configuration list for PBXNativeTarget "CartasAlFuturoTests" */;
			buildPhases = (
				6A46B5761973C1D8001CF9C6 /* Sources */,
				6A46B5771973C1D8001CF9C6 /* Frameworks */,
				6A46B5781973C1D8001CF9C6 /* Resources */,
			);
			buildRules = (
			);
			dependencies = (
				6A46B5801973C1D8001CF9C6 /* PBXTargetDependency */,
			);
			name = CartasAlFuturoTests;
			productName = CartasAlFuturoTests;
			productReference = 6A46B57A1973C1D8001CF9C6 /* CartasAlFuturoTests.xctest */;
			productType = "com.apple.product-type.bundle.unit-test";
		};
/* End PBXNativeTarget section */

/* Begin PBXProject section */
		6A46B5571973C1D8001CF9C6 /* Project object */ = {
			isa = PBXProject;
			attributes = {
				CLASSPREFIX = MS;
				LastUpgradeCheck = 0510;
				ORGANIZATIONNAME = MarcosSorribas;
				TargetAttributes = {
					6A46B5791973C1D8001CF9C6 = {
						TestTargetID = 6A46B55E1973C1D8001CF9C6;
					};
				};
			};
			buildConfigurationList = 6A46B55A1973C1D8001CF9C6 /* Build configuration list for PBXProject "CartasAlFuturo" */;
			compatibilityVersion = "Xcode 3.2";
			developmentRegion = English;
			hasScannedForEncodings = 0;
			knownRegions = (
				en,
			);
			mainGroup = 6A46B5561973C1D8001CF9C6;
			productRefGroup = 6A46B5601973C1D8001CF9C6 /* Products */;
			projectDirPath = "";
			projectRoot = "";
			targets = (
				6A46B55E1973C1D8001CF9C6 /* CartasAlFuturo */,
				6A46B5791973C1D8001CF9C6 /* CartasAlFuturoTests */,
			);
		};
/* End PBXProject section */

/* Begin PBXResourcesBuildPhase section */
		6A46B55D1973C1D8001CF9C6 /* Resources */ = {
			isa = PBXResourcesBuildPhase;
			buildActionMask = 2147483647;
			files = (
				6A46B56D1973C1D8001CF9C6 /* InfoPlist.strings in Resources */,
				6A46B5751973C1D8001CF9C6 /* Images.xcassets in Resources */,
				6ADE72F519813C5A0032BFDE /* MSEmptyTableViewController.xib in Resources */,
				6AF142AC1A0395BC000ED304 /* MSInfoViewController.xib in Resources */,
				6A46B5A61973D2EF001CF9C6 /* Main_iphone.storyboard in Resources */,
			);
			runOnlyForDeploymentPostprocessing = 0;
		};
		6A46B5781973C1D8001CF9C6 /* Resources */ = {
			isa = PBXResourcesBuildPhase;
			buildActionMask = 2147483647;
			files = (
				6A46B5861973C1D8001CF9C6 /* InfoPlist.strings in Resources */,
			);
			runOnlyForDeploymentPostprocessing = 0;
		};
/* End PBXResourcesBuildPhase section */

/* Begin PBXSourcesBuildPhase section */
		6A46B55B1973C1D8001CF9C6 /* Sources */ = {
			isa = PBXSourcesBuildPhase;
			buildActionMask = 2147483647;
			files = (
				6AF35367197905BB009CEAF0 /* MSCreateLetterViewController.m in Sources */,
				6A46B5A91973D395001CF9C6 /* MSPendingTableViewController.m in Sources */,
				6A46B5731973C1D8001CF9C6 /* MSAppDelegate.m in Sources */,
				6A46B5CF19741853001CF9C6 /* CoreDataTableViewController.m in Sources */,
				6AF353C2197974A5009CEAF0 /* MSReadyToOpenTableViewCell.m in Sources */,
				6AF142BA1A03A86C000ED304 /* MSInfoTableViewManager.m in Sources */,
				6AF3536F197931B6009CEAF0 /* MSLetterValidator.m in Sources */,
				6AF353D6197A89BF009CEAF0 /* Letter+DrawerItem.m in Sources */,
				6A46B56F1973C1D8001CF9C6 /* main.m in Sources */,
				6ADE72F9198153230032BFDE /* MSEmptyView.m in Sources */,
				6AF353D0197A86A5009CEAF0 /* MSReadyToOpenLetterDrawer.m in Sources */,
				6AFFDF8E1975133B008C1F19 /* MSOpenedLettersTableViewController.m in Sources */,
				6AF142AB1A0395BC000ED304 /* MSInfoViewController.m in Sources */,
				6AD71F071975353400D337AC /* MSOpenedTableViewCell.m in Sources */,
				6ADE72EE19810D880032BFDE /* UIView+Animations.m in Sources */,
				6ADE72E8198061270032BFDE /* NSString+Styles.m in Sources */,
				6ADE72EB19806B380032BFDE /* MSSeparatorReadLetterView.m in Sources */,
				6AF353CD197A868F009CEAF0 /* MSPendingLetterDrawer.m in Sources */,
				6A46B5B21973E285001CF9C6 /* MSPendingLetterTableViewCell.m in Sources */,
				6AF353E2197ACD7C009CEAF0 /* MSCustomPickerView.m in Sources */,
				6A46B5961973C2D7001CF9C6 /* Model.xcdatamodeld in Sources */,
				6AF35376197961F2009CEAF0 /* MSReadLetterViewController.m in Sources */,
				6AF3536B1979312D009CEAF0 /* Letter.m in Sources */,
				6A0ED7551977BAB4008BD0AE /* MSMailMan.m in Sources */,
				6AF353D3197A86BE009CEAF0 /* MSOpenedLetterDrawer.m in Sources */,
				6A46B5C11973E8FC001CF9C6 /* NSDate+CustomizableDate.m in Sources */,
				6A46B5B51973E2F4001CF9C6 /* Letter+myAPI.m in Sources */,
				6AF353DD197A8C36009CEAF0 /* NSNumber+MSStatusLetter.m in Sources */,
			);
			runOnlyForDeploymentPostprocessing = 0;
		};
		6A46B5761973C1D8001CF9C6 /* Sources */ = {
			isa = PBXSourcesBuildPhase;
			buildActionMask = 2147483647;
			files = (
				6A46B5C31973E97A001CF9C6 /* NSDateTests.m in Sources */,
				6A46B5C51973F445001CF9C6 /* LetterTests.m in Sources */,
				6A46B5C61973F59F001CF9C6 /* Model.xcdatamodeld in Sources */,
				6AF35373197955F5009CEAF0 /* MSLetterValidatorTests.m in Sources */,
			);
			runOnlyForDeploymentPostprocessing = 0;
		};
/* End PBXSourcesBuildPhase section */

/* Begin PBXTargetDependency section */
		6A46B5801973C1D8001CF9C6 /* PBXTargetDependency */ = {
			isa = PBXTargetDependency;
			target = 6A46B55E1973C1D8001CF9C6 /* CartasAlFuturo */;
			targetProxy = 6A46B57F1973C1D8001CF9C6 /* PBXContainerItemProxy */;
		};
/* End PBXTargetDependency section */

/* Begin PBXVariantGroup section */
		6A46B56B1973C1D8001CF9C6 /* InfoPlist.strings */ = {
			isa = PBXVariantGroup;
			children = (
				6A46B56C1973C1D8001CF9C6 /* en */,
			);
			name = InfoPlist.strings;
			sourceTree = "<group>";
		};
		6A46B5841973C1D8001CF9C6 /* InfoPlist.strings */ = {
			isa = PBXVariantGroup;
			children = (
				6A46B5851973C1D8001CF9C6 /* en */,
			);
			name = InfoPlist.strings;
			sourceTree = "<group>";
		};
/* End PBXVariantGroup section */

/* Begin XCBuildConfiguration section */
		6A46B5891973C1D8001CF9C6 /* Debug */ = {
			isa = XCBuildConfiguration;
			buildSettings = {
				ALWAYS_SEARCH_USER_PATHS = NO;
				CLANG_CXX_LANGUAGE_STANDARD = "gnu++0x";
				CLANG_CXX_LIBRARY = "libc++";
				CLANG_ENABLE_MODULES = YES;
				CLANG_ENABLE_OBJC_ARC = YES;
				CLANG_WARN_BOOL_CONVERSION = YES;
				CLANG_WARN_CONSTANT_CONVERSION = YES;
				CLANG_WARN_DIRECT_OBJC_ISA_USAGE = YES_ERROR;
				CLANG_WARN_EMPTY_BODY = YES;
				CLANG_WARN_ENUM_CONVERSION = YES;
				CLANG_WARN_INT_CONVERSION = YES;
				CLANG_WARN_OBJC_ROOT_CLASS = YES_ERROR;
				CLANG_WARN__DUPLICATE_METHOD_MATCH = YES;
				"CODE_SIGN_IDENTITY[sdk=iphoneos*]" = "iPhone Developer";
				COPY_PHASE_STRIP = NO;
				GCC_C_LANGUAGE_STANDARD = gnu99;
				GCC_DYNAMIC_NO_PIC = NO;
				GCC_OPTIMIZATION_LEVEL = 0;
				GCC_PREPROCESSOR_DEFINITIONS = (
					"DEBUG=1",
					"$(inherited)",
				);
				GCC_SYMBOLS_PRIVATE_EXTERN = NO;
				GCC_WARN_64_TO_32_BIT_CONVERSION = YES;
				GCC_WARN_ABOUT_RETURN_TYPE = YES_ERROR;
				GCC_WARN_UNDECLARED_SELECTOR = YES;
				GCC_WARN_UNINITIALIZED_AUTOS = YES_AGGRESSIVE;
				GCC_WARN_UNUSED_FUNCTION = YES;
				GCC_WARN_UNUSED_VARIABLE = YES;
				IPHONEOS_DEPLOYMENT_TARGET = 7.1;
				ONLY_ACTIVE_ARCH = YES;
				SDKROOT = iphoneos;
			};
			name = Debug;
		};
		6A46B58A1973C1D8001CF9C6 /* Release */ = {
			isa = XCBuildConfiguration;
			buildSettings = {
				ALWAYS_SEARCH_USER_PATHS = NO;
				CLANG_CXX_LANGUAGE_STANDARD = "gnu++0x";
				CLANG_CXX_LIBRARY = "libc++";
				CLANG_ENABLE_MODULES = YES;
				CLANG_ENABLE_OBJC_ARC = YES;
				CLANG_WARN_BOOL_CONVERSION = YES;
				CLANG_WARN_CONSTANT_CONVERSION = YES;
				CLANG_WARN_DIRECT_OBJC_ISA_USAGE = YES_ERROR;
				CLANG_WARN_EMPTY_BODY = YES;
				CLANG_WARN_ENUM_CONVERSION = YES;
				CLANG_WARN_INT_CONVERSION = YES;
				CLANG_WARN_OBJC_ROOT_CLASS = YES_ERROR;
				CLANG_WARN__DUPLICATE_METHOD_MATCH = YES;
				"CODE_SIGN_IDENTITY[sdk=iphoneos*]" = "iPhone Developer";
				COPY_PHASE_STRIP = YES;
				ENABLE_NS_ASSERTIONS = NO;
				GCC_C_LANGUAGE_STANDARD = gnu99;
				GCC_WARN_64_TO_32_BIT_CONVERSION = YES;
				GCC_WARN_ABOUT_RETURN_TYPE = YES_ERROR;
				GCC_WARN_UNDECLARED_SELECTOR = YES;
				GCC_WARN_UNINITIALIZED_AUTOS = YES_AGGRESSIVE;
				GCC_WARN_UNUSED_FUNCTION = YES;
				GCC_WARN_UNUSED_VARIABLE = YES;
				IPHONEOS_DEPLOYMENT_TARGET = 7.1;
				SDKROOT = iphoneos;
				VALIDATE_PRODUCT = YES;
			};
			name = Release;
		};
		6A46B58C1973C1D8001CF9C6 /* Debug */ = {
			isa = XCBuildConfiguration;
			buildSettings = {
				ASSETCATALOG_COMPILER_APPICON_NAME = AppIcon;
				ASSETCATALOG_COMPILER_LAUNCHIMAGE_NAME = LaunchImage;
				GCC_PRECOMPILE_PREFIX_HEADER = YES;
				GCC_PREFIX_HEADER = "CartasAlFuturo/CartasAlFuturo-Prefix.pch";
				INFOPLIST_FILE = "CartasAlFuturo/CartasAlFuturo-Info.plist";
				IPHONEOS_DEPLOYMENT_TARGET = 7.0;
				PRODUCT_NAME = "$(TARGET_NAME)";
				WRAPPER_EXTENSION = app;
			};
			name = Debug;
		};
		6A46B58D1973C1D8001CF9C6 /* Release */ = {
			isa = XCBuildConfiguration;
			buildSettings = {
				ASSETCATALOG_COMPILER_APPICON_NAME = AppIcon;
				ASSETCATALOG_COMPILER_LAUNCHIMAGE_NAME = LaunchImage;
				GCC_PRECOMPILE_PREFIX_HEADER = YES;
				GCC_PREFIX_HEADER = "CartasAlFuturo/CartasAlFuturo-Prefix.pch";
				INFOPLIST_FILE = "CartasAlFuturo/CartasAlFuturo-Info.plist";
				IPHONEOS_DEPLOYMENT_TARGET = 7.0;
				PRODUCT_NAME = "$(TARGET_NAME)";
				WRAPPER_EXTENSION = app;
			};
			name = Release;
		};
		6A46B58F1973C1D8001CF9C6 /* Debug */ = {
			isa = XCBuildConfiguration;
			buildSettings = {
				BUNDLE_LOADER = "$(BUILT_PRODUCTS_DIR)/CartasAlFuturo.app/CartasAlFuturo";
				FRAMEWORK_SEARCH_PATHS = (
					"$(SDKROOT)/Developer/Library/Frameworks",
					"$(inherited)",
					"$(DEVELOPER_FRAMEWORKS_DIR)",
				);
				GCC_PRECOMPILE_PREFIX_HEADER = YES;
				GCC_PREFIX_HEADER = "CartasAlFuturo/CartasAlFuturo-Prefix.pch";
				GCC_PREPROCESSOR_DEFINITIONS = (
					"DEBUG=1",
					"$(inherited)",
				);
				INFOPLIST_FILE = "CartasAlFuturoTests/CartasAlFuturoTests-Info.plist";
				PRODUCT_NAME = "$(TARGET_NAME)";
				TEST_HOST = "$(BUNDLE_LOADER)";
				WRAPPER_EXTENSION = xctest;
			};
			name = Debug;
		};
		6A46B5901973C1D8001CF9C6 /* Release */ = {
			isa = XCBuildConfiguration;
			buildSettings = {
				BUNDLE_LOADER = "$(BUILT_PRODUCTS_DIR)/CartasAlFuturo.app/CartasAlFuturo";
				FRAMEWORK_SEARCH_PATHS = (
					"$(SDKROOT)/Developer/Library/Frameworks",
					"$(inherited)",
					"$(DEVELOPER_FRAMEWORKS_DIR)",
				);
				GCC_PRECOMPILE_PREFIX_HEADER = YES;
				GCC_PREFIX_HEADER = "CartasAlFuturo/CartasAlFuturo-Prefix.pch";
				INFOPLIST_FILE = "CartasAlFuturoTests/CartasAlFuturoTests-Info.plist";
				PRODUCT_NAME = "$(TARGET_NAME)";
				TEST_HOST = "$(BUNDLE_LOADER)";
				WRAPPER_EXTENSION = xctest;
			};
			name = Release;
		};
/* End XCBuildConfiguration section */

/* Begin XCConfigurationList section */
		6A46B55A1973C1D8001CF9C6 /* Build configuration list for PBXProject "CartasAlFuturo" */ = {
			isa = XCConfigurationList;
			buildConfigurations = (
				6A46B5891973C1D8001CF9C6 /* Debug */,
				6A46B58A1973C1D8001CF9C6 /* Release */,
			);
			defaultConfigurationIsVisible = 0;
			defaultConfigurationName = Release;
		};
		6A46B58B1973C1D8001CF9C6 /* Build configuration list for PBXNativeTarget "CartasAlFuturo" */ = {
			isa = XCConfigurationList;
			buildConfigurations = (
				6A46B58C1973C1D8001CF9C6 /* Debug */,
				6A46B58D1973C1D8001CF9C6 /* Release */,
			);
			defaultConfigurationIsVisible = 0;
			defaultConfigurationName = Release;
		};
		6A46B58E1973C1D8001CF9C6 /* Build configuration list for PBXNativeTarget "CartasAlFuturoTests" */ = {
			isa = XCConfigurationList;
			buildConfigurations = (
				6A46B58F1973C1D8001CF9C6 /* Debug */,
				6A46B5901973C1D8001CF9C6 /* Release */,
			);
			defaultConfigurationIsVisible = 0;
			defaultConfigurationName = Release;
		};
/* End XCConfigurationList section */

/* Begin XCVersionGroup section */
		6A46B5941973C2D7001CF9C6 /* Model.xcdatamodeld */ = {
			isa = XCVersionGroup;
			children = (
				6A46B5951973C2D7001CF9C6 /* Model.xcdatamodel */,
			);
			currentVersion = 6A46B5951973C2D7001CF9C6 /* Model.xcdatamodel */;
			path = Model.xcdatamodeld;
			sourceTree = "<group>";
			versionGroupType = wrapper.xcdatamodel;
		};
/* End XCVersionGroup section */
	};
	rootObject = 6A46B5571973C1D8001CF9C6 /* Project object */;
}
